
Microsoft Visual Studio Solution File, Format Version 12.00
# Visual Studio Version 16
VisualStudioVersion = 16.0.30320.27
MinimumVisualStudioVersion = 10.0.40219.1
Project("{9A19103F-16F7-4668-BE54-9A1E7A4F7556}") = "Enbrea.Ics", "src\Enbrea.Ics.csproj", "{7227AA4A-9680-4177-BDD1-C8794F2647AD}"
EndProject
Project("{9A19103F-16F7-4668-BE54-9A1E7A4F7556}") = "Enbrea.Ics.XUnit", "test\Xunit\Enbrea.Ics.XUnit.csproj", "{7DA8A1A0-9795-43C4-ACF1-273EFEFF1AA0}"
EndProject
Global
	GlobalSection(SolutionConfigurationPlatforms) = preSolution
		Debug|Any CPU = Debug|Any CPU
		Release|Any CPU = Release|Any CPU
	EndGlobalSection
	GlobalSection(ProjectConfigurationPlatforms) = postSolution
		{7227AA4A-9680-4177-BDD1-C8794F2647AD}.Debug|Any CPU.ActiveCfg = Debug|Any CPU
		{7227AA4A-9680-4177-BDD1-C8794F2647AD}.Debug|Any CPU.Build.0 = Debug|Any CPU
		{7227AA4A-9680-4177-BDD1-C8794F2647AD}.Release|Any CPU.ActiveCfg = Release|Any CPU
		{7227AA4A-9680-4177-BDD1-C8794F2647AD}.Release|Any CPU.Build.0 = Release|Any CPU
		{7DA8A1A0-9795-43C4-ACF1-273EFEFF1AA0}.Debug|Any CPU.ActiveCfg = Debug|Any CPU
		{7DA8A1A0-9795-43C4-ACF1-273EFEFF1AA0}.Debug|Any CPU.Build.0 = Debug|Any CPU
		{7DA8A1A0-9795-43C4-ACF1-273EFEFF1AA0}.Release|Any CPU.ActiveCfg = Release|Any CPU
		{7DA8A1A0-9795-43C4-ACF1-273EFEFF1AA0}.Release|Any CPU.Build.0 = Release|Any CPU
	EndGlobalSection
	GlobalSection(SolutionProperties) = preSolution
		HideSolutionNode = FALSE
	EndGlobalSection
	GlobalSection(ExtensibilityGlobals) = postSolution
		SolutionGuid = {1EBA4C33-E96F-454E-BE61-52EB141DB4AB}
	EndGlobalSection
EndGlobal
